
Microsoft Visual Studio Solution File, Format Version 12.00
# Visual Studio Version 17
VisualStudioVersion = 17.6.33723.286
MinimumVisualStudioVersion = 10.0.40219.1
Project("{FAE04EC0-301F-11D3-BF4B-00C04F79EFBC}") = "Conexion_db", "Conexion_db\Conexion_db.csproj", "{7F9253E4-8AFF-47A4-84D1-29DF8035B8EB}"
EndProject
Global
	GlobalSection(SolutionConfigurationPlatforms) = preSolution
		Debug|Any CPU = Debug|Any CPU
		Release|Any CPU = Release|Any CPU
	EndGlobalSection
	GlobalSection(ProjectConfigurationPlatforms) = postSolution
		{7F9253E4-8AFF-47A4-84D1-29DF8035B8EB}.Debug|Any CPU.ActiveCfg = Debug|Any CPU
		{7F9253E4-8AFF-47A4-84D1-29DF8035B8EB}.Debug|Any CPU.Build.0 = Debug|Any CPU
		{7F9253E4-8AFF-47A4-84D1-29DF8035B8EB}.Release|Any CPU.ActiveCfg = Release|Any CPU
		{7F9253E4-8AFF-47A4-84D1-29DF8035B8EB}.Release|Any CPU.Build.0 = Release|Any CPU
	EndGlobalSection
	GlobalSection(SolutionProperties) = preSolution
		HideSolutionNode = FALSE
	EndGlobalSection
	GlobalSection(ExtensibilityGlobals) = postSolution
		SolutionGuid = {DAB2F4BE-3A22-4648-A328-2791B18702E4}
	EndGlobalSection
EndGlobal
