
Microsoft Visual Studio Solution File, Format Version 12.00
# Visual Studio Version 17
VisualStudioVersion = 17.5.33627.172
MinimumVisualStudioVersion = 10.0.40219.1
Project("{9A19103F-16F7-4668-BE54-9A1E7A4F7556}") = "ingresar_d_y y sacarlos", "proyecto2\ingresar_d_y y sacarlos.csproj", "{438CB12D-13EC-4E84-93EA-74CCDE9EB09E}"
EndProject
Global
	GlobalSection(SolutionConfigurationPlatforms) = preSolution
		Debug|Any CPU = Debug|Any CPU
		Release|Any CPU = Release|Any CPU
	EndGlobalSection
	GlobalSection(ProjectConfigurationPlatforms) = postSolution
		{438CB12D-13EC-4E84-93EA-74CCDE9EB09E}.Debug|Any CPU.ActiveCfg = Debug|Any CPU
		{438CB12D-13EC-4E84-93EA-74CCDE9EB09E}.Debug|Any CPU.Build.0 = Debug|Any CPU
		{438CB12D-13EC-4E84-93EA-74CCDE9EB09E}.Release|Any CPU.ActiveCfg = Release|Any CPU
		{438CB12D-13EC-4E84-93EA-74CCDE9EB09E}.Release|Any CPU.Build.0 = Release|Any CPU
	EndGlobalSection
	GlobalSection(SolutionProperties) = preSolution
		HideSolutionNode = FALSE
	EndGlobalSection
	GlobalSection(ExtensibilityGlobals) = postSolution
		SolutionGuid = {B5F94636-361E-4B5F-845D-AB0C90387A60}
	EndGlobalSection
EndGlobal
