
Microsoft Visual Studio Solution File, Format Version 12.00
# Visual Studio Version 17
VisualStudioVersion = 17.6.33815.320
MinimumVisualStudioVersion = 10.0.40219.1
Project("{FAE04EC0-301F-11D3-BF4B-00C04F79EFBC}") = "Peticion_http", "Peticion_http\Peticion_http.csproj", "{D37D6714-1678-4C7C-A0BE-FBFFEE89B0E8}"
EndProject
Global
	GlobalSection(SolutionConfigurationPlatforms) = preSolution
		Debug|Any CPU = Debug|Any CPU
		Release|Any CPU = Release|Any CPU
	EndGlobalSection
	GlobalSection(ProjectConfigurationPlatforms) = postSolution
		{D37D6714-1678-4C7C-A0BE-FBFFEE89B0E8}.Debug|Any CPU.ActiveCfg = Debug|Any CPU
		{D37D6714-1678-4C7C-A0BE-FBFFEE89B0E8}.Debug|Any CPU.Build.0 = Debug|Any CPU
		{D37D6714-1678-4C7C-A0BE-FBFFEE89B0E8}.Release|Any CPU.ActiveCfg = Release|Any CPU
		{D37D6714-1678-4C7C-A0BE-FBFFEE89B0E8}.Release|Any CPU.Build.0 = Release|Any CPU
	EndGlobalSection
	GlobalSection(SolutionProperties) = preSolution
		HideSolutionNode = FALSE
	EndGlobalSection
	GlobalSection(ExtensibilityGlobals) = postSolution
		SolutionGuid = {4C6E7E20-6C78-479C-A678-BDFEC2EDDA92}
	EndGlobalSection
EndGlobal
