
Microsoft Visual Studio Solution File, Format Version 12.00
# Visual Studio Version 17
VisualStudioVersion = 17.5.33627.172
MinimumVisualStudioVersion = 10.0.40219.1
Project("{FAE04EC0-301F-11D3-BF4B-00C04F79EFBC}") = "programa_inicial_basico", "programa_inicial_basico\programa_inicial_basico.csproj", "{264A4C3A-BB6C-4209-A4C7-E9E060B65497}"
EndProject
Global
	GlobalSection(SolutionConfigurationPlatforms) = preSolution
		Debug|Any CPU = Debug|Any CPU
		Release|Any CPU = Release|Any CPU
	EndGlobalSection
	GlobalSection(ProjectConfigurationPlatforms) = postSolution
		{264A4C3A-BB6C-4209-A4C7-E9E060B65497}.Debug|Any CPU.ActiveCfg = Debug|Any CPU
		{264A4C3A-BB6C-4209-A4C7-E9E060B65497}.Debug|Any CPU.Build.0 = Debug|Any CPU
		{264A4C3A-BB6C-4209-A4C7-E9E060B65497}.Release|Any CPU.ActiveCfg = Release|Any CPU
		{264A4C3A-BB6C-4209-A4C7-E9E060B65497}.Release|Any CPU.Build.0 = Release|Any CPU
	EndGlobalSection
	GlobalSection(SolutionProperties) = preSolution
		HideSolutionNode = FALSE
	EndGlobalSection
	GlobalSection(ExtensibilityGlobals) = postSolution
		SolutionGuid = {4F1BBE01-FED1-4476-BE12-E1BBC4DF1E4B}
	EndGlobalSection
EndGlobal
